
Microsoft Visual Studio Solution File, Format Version 9.00
# Visual Studio 2005
Project("{8BC9CEB8-8B4A-11D0-8D11-00A0C91BC942}") = "wgp_helloworld", "wgp_helloworld.vcproj", "{0F8014D6-98C3-4BC8-B4F1-EB11C9E64338}"
EndProject
Global
	GlobalSection(SolutionConfigurationPlatforms) = preSolution
		Debug|Win32 = Debug|Win32
		Release|Win32 = Release|Win32
	EndGlobalSection
	GlobalSection(ProjectConfigurationPlatforms) = postSolution
		{0F8014D6-98C3-4BC8-B4F1-EB11C9E64338}.Debug|Win32.ActiveCfg = Debug|Win32
		{0F8014D6-98C3-4BC8-B4F1-EB11C9E64338}.Debug|Win32.Build.0 = Debug|Win32
		{0F8014D6-98C3-4BC8-B4F1-EB11C9E64338}.Release|Win32.ActiveCfg = Release|Win32
		{0F8014D6-98C3-4BC8-B4F1-EB11C9E64338}.Release|Win32.Build.0 = Release|Win32
	EndGlobalSection
	GlobalSection(SolutionProperties) = preSolution
		HideSolutionNode = FALSE
	EndGlobalSection
EndGlobal
